
Microsoft Visual Studio Solution File, Format Version 12.00
# Visual Studio 15
VisualStudioVersion = 15.0.28307.2092
MinimumVisualStudioVersion = 10.0.40219.1
Project("{888888A0-9F3D-457C-B088-3A5042F75D52}") = "Calc", "Calc\Calc.pyproj", "{273150D3-FF06-48E6-8E79-67DC47A417AF}"
EndProject
Global
	GlobalSection(SolutionConfigurationPlatforms) = preSolution
		Debug|Any CPU = Debug|Any CPU
		Release|Any CPU = Release|Any CPU
	EndGlobalSection
	GlobalSection(ProjectConfigurationPlatforms) = postSolution
		{273150D3-FF06-48E6-8E79-67DC47A417AF}.Debug|Any CPU.ActiveCfg = Debug|Any CPU
		{273150D3-FF06-48E6-8E79-67DC47A417AF}.Release|Any CPU.ActiveCfg = Release|Any CPU
	EndGlobalSection
	GlobalSection(SolutionProperties) = preSolution
		HideSolutionNode = FALSE
	EndGlobalSection
	GlobalSection(ExtensibilityGlobals) = postSolution
		SolutionGuid = {F39ED319-0405-46C9-B654-04561399DB95}
	EndGlobalSection
EndGlobal
